
Microsoft Visual Studio Solution File, Format Version 12.00
# Visual Studio Version 17
VisualStudioVersion = 17.12.35527.113 d17.12
MinimumVisualStudioVersion = 10.0.40219.1
Project("{FAE04EC0-301F-11D3-BF4B-00C04F79EFBC}") = "Aryap.API", "AryapStoresBackend\Aryap.API.csproj", "{5488898E-6F50-45EF-977B-256A9320466E}"
EndProject
Project("{FAE04EC0-301F-11D3-BF4B-00C04F79EFBC}") = "Aryap.Data", "Aryap.Data\Aryap.Data.csproj", "{06E610EF-117F-4AF6-931A-1E46879480BC}"
EndProject
Project("{FAE04EC0-301F-11D3-BF4B-00C04F79EFBC}") = "Aryap.Core", "Aryap.Core\Aryap.Core.csproj", "{5457DD60-CDAB-42C9-ADFF-EEF2C45EB85F}"
EndProject
Project("{FAE04EC0-301F-11D3-BF4B-00C04F79EFBC}") = "Aryap.Shared", "Aryap.Shared\Aryap.Shared.csproj", "{C7F2E759-9837-497E-BA7C-F09C6949444E}"
EndProject
Global
	GlobalSection(SolutionConfigurationPlatforms) = preSolution
		Debug|Any CPU = Debug|Any CPU
		Release|Any CPU = Release|Any CPU
	EndGlobalSection
	GlobalSection(ProjectConfigurationPlatforms) = postSolution
		{5488898E-6F50-45EF-977B-256A9320466E}.Debug|Any CPU.ActiveCfg = Debug|Any CPU
		{5488898E-6F50-45EF-977B-256A9320466E}.Debug|Any CPU.Build.0 = Debug|Any CPU
		{5488898E-6F50-45EF-977B-256A9320466E}.Release|Any CPU.ActiveCfg = Release|Any CPU
		{5488898E-6F50-45EF-977B-256A9320466E}.Release|Any CPU.Build.0 = Release|Any CPU
		{06E610EF-117F-4AF6-931A-1E46879480BC}.Debug|Any CPU.ActiveCfg = Debug|Any CPU
		{06E610EF-117F-4AF6-931A-1E46879480BC}.Debug|Any CPU.Build.0 = Debug|Any CPU
		{06E610EF-117F-4AF6-931A-1E46879480BC}.Release|Any CPU.ActiveCfg = Release|Any CPU
		{06E610EF-117F-4AF6-931A-1E46879480BC}.Release|Any CPU.Build.0 = Release|Any CPU
		{5457DD60-CDAB-42C9-ADFF-EEF2C45EB85F}.Debug|Any CPU.ActiveCfg = Debug|Any CPU
		{5457DD60-CDAB-42C9-ADFF-EEF2C45EB85F}.Debug|Any CPU.Build.0 = Debug|Any CPU
		{5457DD60-CDAB-42C9-ADFF-EEF2C45EB85F}.Release|Any CPU.ActiveCfg = Release|Any CPU
		{5457DD60-CDAB-42C9-ADFF-EEF2C45EB85F}.Release|Any CPU.Build.0 = Release|Any CPU
		{C7F2E759-9837-497E-BA7C-F09C6949444E}.Debug|Any CPU.ActiveCfg = Debug|Any CPU
		{C7F2E759-9837-497E-BA7C-F09C6949444E}.Debug|Any CPU.Build.0 = Debug|Any CPU
		{C7F2E759-9837-497E-BA7C-F09C6949444E}.Release|Any CPU.ActiveCfg = Release|Any CPU
		{C7F2E759-9837-497E-BA7C-F09C6949444E}.Release|Any CPU.Build.0 = Release|Any CPU
	EndGlobalSection
	GlobalSection(SolutionProperties) = preSolution
		HideSolutionNode = FALSE
	EndGlobalSection
EndGlobal
